
Microsoft Visual Studio Solution File, Format Version 12.00
# Visual Studio 15
VisualStudioVersion = 15.0.28307.421
MinimumVisualStudioVersion = 10.0.40219.1
Project("{FAE04EC0-301F-11D3-BF4B-00C04F79EFBC}") = "MVCEmail", "MVCEmail\MVCEmail.csproj", "{F7B01CFC-6C08-47C2-88FB-BBF58C77B7D7}"
EndProject
Global
	GlobalSection(SolutionConfigurationPlatforms) = preSolution
		Debug|Any CPU = Debug|Any CPU
		Release|Any CPU = Release|Any CPU
	EndGlobalSection
	GlobalSection(ProjectConfigurationPlatforms) = postSolution
		{F7B01CFC-6C08-47C2-88FB-BBF58C77B7D7}.Debug|Any CPU.ActiveCfg = Debug|Any CPU
		{F7B01CFC-6C08-47C2-88FB-BBF58C77B7D7}.Debug|Any CPU.Build.0 = Debug|Any CPU
		{F7B01CFC-6C08-47C2-88FB-BBF58C77B7D7}.Release|Any CPU.ActiveCfg = Release|Any CPU
		{F7B01CFC-6C08-47C2-88FB-BBF58C77B7D7}.Release|Any CPU.Build.0 = Release|Any CPU
	EndGlobalSection
	GlobalSection(SolutionProperties) = preSolution
		HideSolutionNode = FALSE
	EndGlobalSection
	GlobalSection(ExtensibilityGlobals) = postSolution
		SolutionGuid = {BB5544E3-B95D-4F2F-A730-97436E15C8CF}
	EndGlobalSection
EndGlobal
